
Microsoft Visual Studio Solution File, Format Version 12.00
# Visual Studio 15
VisualStudioVersion = 15.0.27130.2020
MinimumVisualStudioVersion = 10.0.40219.1
Project("{9A19103F-16F7-4668-BE54-9A1E7A4F7556}") = "TodoRazorCoreApp", "TodoRazorCoreApp\TodoRazorCoreApp.csproj", "{9E1846C0-47D8-4BD7-944E-28D677A58BE9}"
EndProject
Project("{9A19103F-16F7-4668-BE54-9A1E7A4F7556}") = "TodoRazorCoreDomain", "TodoRazorCoreDomain\TodoRazorCoreDomain.csproj", "{C5ED489E-550E-4C99-BF5B-878924B09A47}"
EndProject
Global
	GlobalSection(SolutionConfigurationPlatforms) = preSolution
		Debug|Any CPU = Debug|Any CPU
		Release|Any CPU = Release|Any CPU
	EndGlobalSection
	GlobalSection(ProjectConfigurationPlatforms) = postSolution
		{9E1846C0-47D8-4BD7-944E-28D677A58BE9}.Debug|Any CPU.ActiveCfg = Debug|Any CPU
		{9E1846C0-47D8-4BD7-944E-28D677A58BE9}.Debug|Any CPU.Build.0 = Debug|Any CPU
		{9E1846C0-47D8-4BD7-944E-28D677A58BE9}.Release|Any CPU.ActiveCfg = Release|Any CPU
		{9E1846C0-47D8-4BD7-944E-28D677A58BE9}.Release|Any CPU.Build.0 = Release|Any CPU
		{C5ED489E-550E-4C99-BF5B-878924B09A47}.Debug|Any CPU.ActiveCfg = Debug|Any CPU
		{C5ED489E-550E-4C99-BF5B-878924B09A47}.Debug|Any CPU.Build.0 = Debug|Any CPU
		{C5ED489E-550E-4C99-BF5B-878924B09A47}.Release|Any CPU.ActiveCfg = Release|Any CPU
		{C5ED489E-550E-4C99-BF5B-878924B09A47}.Release|Any CPU.Build.0 = Release|Any CPU
	EndGlobalSection
	GlobalSection(SolutionProperties) = preSolution
		HideSolutionNode = FALSE
	EndGlobalSection
	GlobalSection(ExtensibilityGlobals) = postSolution
		SolutionGuid = {DD61BBBB-07D7-4FC0-BC47-56222FF10295}
	EndGlobalSection
EndGlobal
